
Microsoft Visual Studio Solution File, Format Version 12.00
# Visual Studio Version 16
VisualStudioVersion = 16.0.31729.503
MinimumVisualStudioVersion = 10.0.40219.1
Project("{FAE04EC0-301F-11D3-BF4B-00C04F79EFBC}") = "DamaPijeSama.Android", "Dama pije sama V2\Dama pije sama V2.Android\DamaPijeSama.Android.csproj", "{8B8F8DA0-55E0-46EA-8D46-000860794D78}"
EndProject
Project("{FAE04EC0-301F-11D3-BF4B-00C04F79EFBC}") = "DamaPijeSama.iOS", "Dama pije sama V2\Dama pije sama V2.iOS\DamaPijeSama.iOS.csproj", "{0D035580-D3E8-4AEC-9674-97167CD4C681}"
EndProject
Project("{9A19103F-16F7-4668-BE54-9A1E7A4F7556}") = "DamaPijeSama", "Dama pije sama V2\Dama pije sama V2\DamaPijeSama.csproj", "{18CF6D43-F6A5-4875-A1F8-A558FA194F05}"
EndProject
Global
	GlobalSection(SolutionConfigurationPlatforms) = preSolution
		Debug|Any CPU = Debug|Any CPU
		Debug|iPhone = Debug|iPhone
		Debug|iPhoneSimulator = Debug|iPhoneSimulator
		Release|Any CPU = Release|Any CPU
		Release|iPhone = Release|iPhone
		Release|iPhoneSimulator = Release|iPhoneSimulator
	EndGlobalSection
	GlobalSection(ProjectConfigurationPlatforms) = postSolution
		{8B8F8DA0-55E0-46EA-8D46-000860794D78}.Debug|Any CPU.ActiveCfg = Debug|Any CPU
		{8B8F8DA0-55E0-46EA-8D46-000860794D78}.Debug|Any CPU.Build.0 = Debug|Any CPU
		{8B8F8DA0-55E0-46EA-8D46-000860794D78}.Debug|Any CPU.Deploy.0 = Debug|Any CPU
		{8B8F8DA0-55E0-46EA-8D46-000860794D78}.Debug|iPhone.ActiveCfg = Debug|Any CPU
		{8B8F8DA0-55E0-46EA-8D46-000860794D78}.Debug|iPhone.Build.0 = Debug|Any CPU
		{8B8F8DA0-55E0-46EA-8D46-000860794D78}.Debug|iPhone.Deploy.0 = Debug|Any CPU
		{8B8F8DA0-55E0-46EA-8D46-000860794D78}.Debug|iPhoneSimulator.ActiveCfg = Debug|Any CPU
		{8B8F8DA0-55E0-46EA-8D46-000860794D78}.Debug|iPhoneSimulator.Build.0 = Debug|Any CPU
		{8B8F8DA0-55E0-46EA-8D46-000860794D78}.Debug|iPhoneSimulator.Deploy.0 = Debug|Any CPU
		{8B8F8DA0-55E0-46EA-8D46-000860794D78}.Release|Any CPU.ActiveCfg = Release|Any CPU
		{8B8F8DA0-55E0-46EA-8D46-000860794D78}.Release|Any CPU.Build.0 = Release|Any CPU
		{8B8F8DA0-55E0-46EA-8D46-000860794D78}.Release|Any CPU.Deploy.0 = Release|Any CPU
		{8B8F8DA0-55E0-46EA-8D46-000860794D78}.Release|iPhone.ActiveCfg = Release|Any CPU
		{8B8F8DA0-55E0-46EA-8D46-000860794D78}.Release|iPhone.Build.0 = Release|Any CPU
		{8B8F8DA0-55E0-46EA-8D46-000860794D78}.Release|iPhone.Deploy.0 = Release|Any CPU
		{8B8F8DA0-55E0-46EA-8D46-000860794D78}.Release|iPhoneSimulator.ActiveCfg = Release|Any CPU
		{8B8F8DA0-55E0-46EA-8D46-000860794D78}.Release|iPhoneSimulator.Build.0 = Release|Any CPU
		{8B8F8DA0-55E0-46EA-8D46-000860794D78}.Release|iPhoneSimulator.Deploy.0 = Release|Any CPU
		{0D035580-D3E8-4AEC-9674-97167CD4C681}.Debug|Any CPU.ActiveCfg = Debug|iPhone
		{0D035580-D3E8-4AEC-9674-97167CD4C681}.Debug|Any CPU.Build.0 = Debug|iPhone
		{0D035580-D3E8-4AEC-9674-97167CD4C681}.Debug|Any CPU.Deploy.0 = Debug|iPhone
		{0D035580-D3E8-4AEC-9674-97167CD4C681}.Debug|iPhone.ActiveCfg = Debug|iPhone
		{0D035580-D3E8-4AEC-9674-97167CD4C681}.Debug|iPhone.Build.0 = Debug|iPhone
		{0D035580-D3E8-4AEC-9674-97167CD4C681}.Debug|iPhone.Deploy.0 = Debug|iPhone
		{0D035580-D3E8-4AEC-9674-97167CD4C681}.Debug|iPhoneSimulator.ActiveCfg = Debug|iPhoneSimulator
		{0D035580-D3E8-4AEC-9674-97167CD4C681}.Debug|iPhoneSimulator.Build.0 = Debug|iPhoneSimulator
		{0D035580-D3E8-4AEC-9674-97167CD4C681}.Debug|iPhoneSimulator.Deploy.0 = Debug|iPhoneSimulator
		{0D035580-D3E8-4AEC-9674-97167CD4C681}.Release|Any CPU.ActiveCfg = Release|iPhoneSimulator
		{0D035580-D3E8-4AEC-9674-97167CD4C681}.Release|Any CPU.Build.0 = Release|iPhoneSimulator
		{0D035580-D3E8-4AEC-9674-97167CD4C681}.Release|Any CPU.Deploy.0 = Release|iPhoneSimulator
		{0D035580-D3E8-4AEC-9674-97167CD4C681}.Release|iPhone.ActiveCfg = Release|iPhone
		{0D035580-D3E8-4AEC-9674-97167CD4C681}.Release|iPhone.Build.0 = Release|iPhone
		{0D035580-D3E8-4AEC-9674-97167CD4C681}.Release|iPhone.Deploy.0 = Release|iPhone
		{0D035580-D3E8-4AEC-9674-97167CD4C681}.Release|iPhoneSimulator.ActiveCfg = Release|iPhoneSimulator
		{0D035580-D3E8-4AEC-9674-97167CD4C681}.Release|iPhoneSimulator.Build.0 = Release|iPhoneSimulator
		{0D035580-D3E8-4AEC-9674-97167CD4C681}.Release|iPhoneSimulator.Deploy.0 = Release|iPhoneSimulator
		{18CF6D43-F6A5-4875-A1F8-A558FA194F05}.Debug|Any CPU.ActiveCfg = Debug|Any CPU
		{18CF6D43-F6A5-4875-A1F8-A558FA194F05}.Debug|Any CPU.Build.0 = Debug|Any CPU
		{18CF6D43-F6A5-4875-A1F8-A558FA194F05}.Debug|Any CPU.Deploy.0 = Debug|Any CPU
		{18CF6D43-F6A5-4875-A1F8-A558FA194F05}.Debug|iPhone.ActiveCfg = Debug|Any CPU
		{18CF6D43-F6A5-4875-A1F8-A558FA194F05}.Debug|iPhone.Build.0 = Debug|Any CPU
		{18CF6D43-F6A5-4875-A1F8-A558FA194F05}.Debug|iPhone.Deploy.0 = Debug|Any CPU
		{18CF6D43-F6A5-4875-A1F8-A558FA194F05}.Debug|iPhoneSimulator.ActiveCfg = Debug|Any CPU
		{18CF6D43-F6A5-4875-A1F8-A558FA194F05}.Debug|iPhoneSimulator.Build.0 = Debug|Any CPU
		{18CF6D43-F6A5-4875-A1F8-A558FA194F05}.Debug|iPhoneSimulator.Deploy.0 = Debug|Any CPU
		{18CF6D43-F6A5-4875-A1F8-A558FA194F05}.Release|Any CPU.ActiveCfg = Release|Any CPU
		{18CF6D43-F6A5-4875-A1F8-A558FA194F05}.Release|Any CPU.Build.0 = Release|Any CPU
		{18CF6D43-F6A5-4875-A1F8-A558FA194F05}.Release|Any CPU.Deploy.0 = Release|Any CPU
		{18CF6D43-F6A5-4875-A1F8-A558FA194F05}.Release|iPhone.ActiveCfg = Release|Any CPU
		{18CF6D43-F6A5-4875-A1F8-A558FA194F05}.Release|iPhone.Build.0 = Release|Any CPU
		{18CF6D43-F6A5-4875-A1F8-A558FA194F05}.Release|iPhone.Deploy.0 = Release|Any CPU
		{18CF6D43-F6A5-4875-A1F8-A558FA194F05}.Release|iPhoneSimulator.ActiveCfg = Release|Any CPU
		{18CF6D43-F6A5-4875-A1F8-A558FA194F05}.Release|iPhoneSimulator.Build.0 = Release|Any CPU
		{18CF6D43-F6A5-4875-A1F8-A558FA194F05}.Release|iPhoneSimulator.Deploy.0 = Release|Any CPU
	EndGlobalSection
	GlobalSection(SolutionProperties) = preSolution
		HideSolutionNode = FALSE
	EndGlobalSection
	GlobalSection(ExtensibilityGlobals) = postSolution
		SolutionGuid = {D036DF5C-769C-458F-B9BF-AEE844B6A8D8}
	EndGlobalSection
EndGlobal
